
Microsoft Visual Studio Solution File, Format Version 12.00
# Visual Studio Version 16
VisualStudioVersion = 16.0.31410.357
MinimumVisualStudioVersion = 10.0.40219.1
Project("{2150E333-8FDC-42A3-9474-1A3956D46DE8}") = "01. WS", "01. WS", "{679D0AD7-A809-46E3-8024-8DAB9F0FC6CF}"
EndProject
Project("{2150E333-8FDC-42A3-9474-1A3956D46DE8}") = "02. Services", "02. Services", "{70D0F9AB-0E58-41FB-9F98-C98755BD64AC}"
EndProject
Project("{2150E333-8FDC-42A3-9474-1A3956D46DE8}") = "03. Persistence", "03. Persistence", "{E9432C5F-20BC-427C-8F49-84D9DAE1D06D}"
EndProject
Project("{2150E333-8FDC-42A3-9474-1A3956D46DE8}") = "04. Domain", "04. Domain", "{0C9D93E5-DE2E-4853-8D15-48E9F6D97661}"
EndProject
Project("{2150E333-8FDC-42A3-9474-1A3956D46DE8}") = "05. Common", "05. Common", "{B668AE50-16F7-44BE-8E93-25475B32F68E}"
EndProject
Project("{9A19103F-16F7-4668-BE54-9A1E7A4F7556}") = "NodeConsultantWS", "src\NodeConsultantWS\NodeConsultantWS.csproj", "{4515048A-3E1A-4610-8DA5-BF089BCDF65B}"
	ProjectSection(ProjectDependencies) = postProject
		{334EE147-0B68-48E3-B1F9-721D181B997B} = {334EE147-0B68-48E3-B1F9-721D181B997B}
		{25CCCFB8-2CD9-422F-A8E1-52B087BCE3CA} = {25CCCFB8-2CD9-422F-A8E1-52B087BCE3CA}
	EndProjectSection
EndProject
Project("{9A19103F-16F7-4668-BE54-9A1E7A4F7556}") = "ServiceLayer", "src\ServiceLayer\ServiceLayer.csproj", "{25CCCFB8-2CD9-422F-A8E1-52B087BCE3CA}"
	ProjectSection(ProjectDependencies) = postProject
		{55569A11-FCD2-4E39-92D8-09F4404C1E91} = {55569A11-FCD2-4E39-92D8-09F4404C1E91}
		{334EE147-0B68-48E3-B1F9-721D181B997B} = {334EE147-0B68-48E3-B1F9-721D181B997B}
		{62658252-AED6-4741-8482-73A94AA6DF61} = {62658252-AED6-4741-8482-73A94AA6DF61}
		{53A9F8E5-FB37-408B-8918-1DA7682322DC} = {53A9F8E5-FB37-408B-8918-1DA7682322DC}
	EndProjectSection
EndProject
Project("{9A19103F-16F7-4668-BE54-9A1E7A4F7556}") = "PersistenceLayer", "src\PersistenceLayer\PersistenceLayer.csproj", "{62658252-AED6-4741-8482-73A94AA6DF61}"
	ProjectSection(ProjectDependencies) = postProject
		{55569A11-FCD2-4E39-92D8-09F4404C1E91} = {55569A11-FCD2-4E39-92D8-09F4404C1E91}
		{334EE147-0B68-48E3-B1F9-721D181B997B} = {334EE147-0B68-48E3-B1F9-721D181B997B}
	EndProjectSection
EndProject
Project("{9A19103F-16F7-4668-BE54-9A1E7A4F7556}") = "DomainLayer", "src\DomainLayer\DomainLayer.csproj", "{55569A11-FCD2-4E39-92D8-09F4404C1E91}"
EndProject
Project("{9A19103F-16F7-4668-BE54-9A1E7A4F7556}") = "DtoLayer", "src\DtoLayer\DtoLayer.csproj", "{53A9F8E5-FB37-408B-8918-1DA7682322DC}"
	ProjectSection(ProjectDependencies) = postProject
		{334EE147-0B68-48E3-B1F9-721D181B997B} = {334EE147-0B68-48E3-B1F9-721D181B997B}
	EndProjectSection
EndProject
Project("{9A19103F-16F7-4668-BE54-9A1E7A4F7556}") = "CommonLayer", "src\CommonLayer\CommonLayer.csproj", "{334EE147-0B68-48E3-B1F9-721D181B997B}"
EndProject
Project("{FAE04EC0-301F-11D3-BF4B-00C04F79EFBC}") = "Frontend", "Frontend\Frontend.csproj", "{255C8EBA-467C-4A68-B4F5-042C470A7FC9}"
EndProject
Global
	GlobalSection(SolutionConfigurationPlatforms) = preSolution
		Debug|Any CPU = Debug|Any CPU
		Release|Any CPU = Release|Any CPU
	EndGlobalSection
	GlobalSection(ProjectConfigurationPlatforms) = postSolution
		{4515048A-3E1A-4610-8DA5-BF089BCDF65B}.Debug|Any CPU.ActiveCfg = Debug|Any CPU
		{4515048A-3E1A-4610-8DA5-BF089BCDF65B}.Debug|Any CPU.Build.0 = Debug|Any CPU
		{4515048A-3E1A-4610-8DA5-BF089BCDF65B}.Release|Any CPU.ActiveCfg = Release|Any CPU
		{4515048A-3E1A-4610-8DA5-BF089BCDF65B}.Release|Any CPU.Build.0 = Release|Any CPU
		{25CCCFB8-2CD9-422F-A8E1-52B087BCE3CA}.Debug|Any CPU.ActiveCfg = Debug|Any CPU
		{25CCCFB8-2CD9-422F-A8E1-52B087BCE3CA}.Debug|Any CPU.Build.0 = Debug|Any CPU
		{25CCCFB8-2CD9-422F-A8E1-52B087BCE3CA}.Release|Any CPU.ActiveCfg = Release|Any CPU
		{25CCCFB8-2CD9-422F-A8E1-52B087BCE3CA}.Release|Any CPU.Build.0 = Release|Any CPU
		{62658252-AED6-4741-8482-73A94AA6DF61}.Debug|Any CPU.ActiveCfg = Debug|Any CPU
		{62658252-AED6-4741-8482-73A94AA6DF61}.Debug|Any CPU.Build.0 = Debug|Any CPU
		{62658252-AED6-4741-8482-73A94AA6DF61}.Release|Any CPU.ActiveCfg = Release|Any CPU
		{62658252-AED6-4741-8482-73A94AA6DF61}.Release|Any CPU.Build.0 = Release|Any CPU
		{55569A11-FCD2-4E39-92D8-09F4404C1E91}.Debug|Any CPU.ActiveCfg = Debug|Any CPU
		{55569A11-FCD2-4E39-92D8-09F4404C1E91}.Debug|Any CPU.Build.0 = Debug|Any CPU
		{55569A11-FCD2-4E39-92D8-09F4404C1E91}.Release|Any CPU.ActiveCfg = Release|Any CPU
		{55569A11-FCD2-4E39-92D8-09F4404C1E91}.Release|Any CPU.Build.0 = Release|Any CPU
		{53A9F8E5-FB37-408B-8918-1DA7682322DC}.Debug|Any CPU.ActiveCfg = Debug|Any CPU
		{53A9F8E5-FB37-408B-8918-1DA7682322DC}.Debug|Any CPU.Build.0 = Debug|Any CPU
		{53A9F8E5-FB37-408B-8918-1DA7682322DC}.Release|Any CPU.ActiveCfg = Release|Any CPU
		{53A9F8E5-FB37-408B-8918-1DA7682322DC}.Release|Any CPU.Build.0 = Release|Any CPU
		{334EE147-0B68-48E3-B1F9-721D181B997B}.Debug|Any CPU.ActiveCfg = Debug|Any CPU
		{334EE147-0B68-48E3-B1F9-721D181B997B}.Debug|Any CPU.Build.0 = Debug|Any CPU
		{334EE147-0B68-48E3-B1F9-721D181B997B}.Release|Any CPU.ActiveCfg = Release|Any CPU
		{334EE147-0B68-48E3-B1F9-721D181B997B}.Release|Any CPU.Build.0 = Release|Any CPU
		{255C8EBA-467C-4A68-B4F5-042C470A7FC9}.Debug|Any CPU.ActiveCfg = Debug|Any CPU
		{255C8EBA-467C-4A68-B4F5-042C470A7FC9}.Debug|Any CPU.Build.0 = Debug|Any CPU
		{255C8EBA-467C-4A68-B4F5-042C470A7FC9}.Release|Any CPU.ActiveCfg = Release|Any CPU
		{255C8EBA-467C-4A68-B4F5-042C470A7FC9}.Release|Any CPU.Build.0 = Release|Any CPU
	EndGlobalSection
	GlobalSection(SolutionProperties) = preSolution
		HideSolutionNode = FALSE
	EndGlobalSection
	GlobalSection(NestedProjects) = preSolution
		{4515048A-3E1A-4610-8DA5-BF089BCDF65B} = {679D0AD7-A809-46E3-8024-8DAB9F0FC6CF}
		{25CCCFB8-2CD9-422F-A8E1-52B087BCE3CA} = {70D0F9AB-0E58-41FB-9F98-C98755BD64AC}
		{62658252-AED6-4741-8482-73A94AA6DF61} = {E9432C5F-20BC-427C-8F49-84D9DAE1D06D}
		{55569A11-FCD2-4E39-92D8-09F4404C1E91} = {0C9D93E5-DE2E-4853-8D15-48E9F6D97661}
		{53A9F8E5-FB37-408B-8918-1DA7682322DC} = {0C9D93E5-DE2E-4853-8D15-48E9F6D97661}
		{334EE147-0B68-48E3-B1F9-721D181B997B} = {B668AE50-16F7-44BE-8E93-25475B32F68E}
	EndGlobalSection
	GlobalSection(ExtensibilityGlobals) = postSolution
		SolutionGuid = {BE8FB200-7CA1-4A06-9020-5FEFD2A64339}
	EndGlobalSection
EndGlobal
